
Microsoft Visual Studio Solution File, Format Version 12.00
# Visual Studio Version 16
VisualStudioVersion = 16.0.34301.259
MinimumVisualStudioVersion = 10.0.40219.1
Project("{FAE04EC0-301F-11D3-BF4B-00C04F79EFBC}") = "Teszt", "Teszt\Teszt.csproj", "{2424C108-1412-414B-AB90-A1388C90BA88}"
EndProject
Project("{FAE04EC0-301F-11D3-BF4B-00C04F79EFBC}") = "TobbElem", "TobbElem\TobbElem.csproj", "{757A9537-9DE0-414E-A401-93695C5D95F1}"
EndProject
Project("{FAE04EC0-301F-11D3-BF4B-00C04F79EFBC}") = "Matrix", "Matrix\Matrix.csproj", "{8B9E8A7B-4DDF-4419-8BEE-A241AB34E1EB}"
EndProject
Project("{FAE04EC0-301F-11D3-BF4B-00C04F79EFBC}") = "Macskak", "Macskak\Macskak.csproj", "{31FE91E1-BE64-40B9-B5AA-F5A8ED7AC0D4}"
EndProject
Global
	GlobalSection(SolutionConfigurationPlatforms) = preSolution
		Debug|Any CPU = Debug|Any CPU
		Release|Any CPU = Release|Any CPU
	EndGlobalSection
	GlobalSection(ProjectConfigurationPlatforms) = postSolution
		{2424C108-1412-414B-AB90-A1388C90BA88}.Debug|Any CPU.ActiveCfg = Debug|Any CPU
		{2424C108-1412-414B-AB90-A1388C90BA88}.Debug|Any CPU.Build.0 = Debug|Any CPU
		{2424C108-1412-414B-AB90-A1388C90BA88}.Release|Any CPU.ActiveCfg = Release|Any CPU
		{2424C108-1412-414B-AB90-A1388C90BA88}.Release|Any CPU.Build.0 = Release|Any CPU
		{757A9537-9DE0-414E-A401-93695C5D95F1}.Debug|Any CPU.ActiveCfg = Debug|Any CPU
		{757A9537-9DE0-414E-A401-93695C5D95F1}.Debug|Any CPU.Build.0 = Debug|Any CPU
		{757A9537-9DE0-414E-A401-93695C5D95F1}.Release|Any CPU.ActiveCfg = Release|Any CPU
		{757A9537-9DE0-414E-A401-93695C5D95F1}.Release|Any CPU.Build.0 = Release|Any CPU
		{8B9E8A7B-4DDF-4419-8BEE-A241AB34E1EB}.Debug|Any CPU.ActiveCfg = Debug|Any CPU
		{8B9E8A7B-4DDF-4419-8BEE-A241AB34E1EB}.Debug|Any CPU.Build.0 = Debug|Any CPU
		{8B9E8A7B-4DDF-4419-8BEE-A241AB34E1EB}.Release|Any CPU.ActiveCfg = Release|Any CPU
		{8B9E8A7B-4DDF-4419-8BEE-A241AB34E1EB}.Release|Any CPU.Build.0 = Release|Any CPU
		{31FE91E1-BE64-40B9-B5AA-F5A8ED7AC0D4}.Debug|Any CPU.ActiveCfg = Debug|Any CPU
		{31FE91E1-BE64-40B9-B5AA-F5A8ED7AC0D4}.Debug|Any CPU.Build.0 = Debug|Any CPU
		{31FE91E1-BE64-40B9-B5AA-F5A8ED7AC0D4}.Release|Any CPU.ActiveCfg = Release|Any CPU
		{31FE91E1-BE64-40B9-B5AA-F5A8ED7AC0D4}.Release|Any CPU.Build.0 = Release|Any CPU
	EndGlobalSection
	GlobalSection(SolutionProperties) = preSolution
		HideSolutionNode = FALSE
	EndGlobalSection
	GlobalSection(ExtensibilityGlobals) = postSolution
		SolutionGuid = {393C91AD-3D33-409D-86E8-1661551BC6E5}
	EndGlobalSection
EndGlobal
