
Microsoft Visual Studio Solution File, Format Version 12.00
# Visual Studio Version 17
VisualStudioVersion = 17.11.35327.3
MinimumVisualStudioVersion = 10.0.40219.1
Project("{FAE04EC0-301F-11D3-BF4B-00C04F79EFBC}") = "Teszt", "Teszt\Teszt.csproj", "{2424C108-1412-414B-AB90-A1388C90BA88}"
EndProject
Project("{FAE04EC0-301F-11D3-BF4B-00C04F79EFBC}") = "TobbElem", "TobbElem\TobbElem.csproj", "{757A9537-9DE0-414E-A401-93695C5D95F1}"
EndProject
Project("{FAE04EC0-301F-11D3-BF4B-00C04F79EFBC}") = "Matrix", "Matrix\Matrix.csproj", "{8B9E8A7B-4DDF-4419-8BEE-A241AB34E1EB}"
EndProject
Project("{FAE04EC0-301F-11D3-BF4B-00C04F79EFBC}") = "Macskak", "Macskak\Macskak.csproj", "{31FE91E1-BE64-40B9-B5AA-F5A8ED7AC0D4}"
EndProject
Project("{FAE04EC0-301F-11D3-BF4B-00C04F79EFBC}") = "Logikai", "Logikai\Logikai.csproj", "{AFA339CB-1085-49B7-8E77-3EF39B14E97D}"
EndProject
Project("{FAE04EC0-301F-11D3-BF4B-00C04F79EFBC}") = "Prefix", "Prefix\Prefix.csproj", "{DB4125DE-9882-48F2-B207-8E7893E32AF4}"
EndProject
Project("{FAE04EC0-301F-11D3-BF4B-00C04F79EFBC}") = "Körhasáb", "Körhasáb\Körhasáb.csproj", "{59ACAFB2-A160-49C0-A83B-D996CBCB5273}"
EndProject
Project("{FAE04EC0-301F-11D3-BF4B-00C04F79EFBC}") = "Téglalap_OOP", "Téglalap_OOP\Téglalap_OOP.csproj", "{07C5E089-A85E-4BDB-8090-B66804258619}"
EndProject
Project("{FAE04EC0-301F-11D3-BF4B-00C04F79EFBC}") = "doga10.09", "doga10.09\doga10.09.csproj", "{480BE79D-5648-4654-BE4E-4EAD20436B5A}"
EndProject
Project("{FAE04EC0-301F-11D3-BF4B-00C04F79EFBC}") = "11_06", "11_06\11_06.csproj", "{20CBE11C-8B8A-4888-9A26-AF7D27E3EF11}"
EndProject
Project("{FAE04EC0-301F-11D3-BF4B-00C04F79EFBC}") = "WindowsFormsApp1", "WindowsFormsApp1\WindowsFormsApp1.csproj", "{4FD2AE1C-89AF-4AEC-A765-5D4F9D5B3376}"
EndProject
Project("{FAE04EC0-301F-11D3-BF4B-00C04F79EFBC}") = "HaromszogTipusaOOPP", "HaromszogTipusaOOPP\HaromszogTipusaOOPP.csproj", "{7C630CB6-02B8-4494-9784-7ADD6FD8556B}"
EndProject
Project("{FAE04EC0-301F-11D3-BF4B-00C04F79EFBC}") = "11.27", "11.27\11.27.csproj", "{1C0690A0-5D1D-4372-A8ED-832861343DAA}"
EndProject
Project("{FAE04EC0-301F-11D3-BF4B-00C04F79EFBC}") = "11_27", "11_27\11_27.csproj", "{7304A8FD-C647-4AEB-8BF2-0127F64AA674}"
EndProject
Project("{FAE04EC0-301F-11D3-BF4B-00C04F79EFBC}") = "12.04", "12.04\12.04.csproj", "{152D49D4-40A0-415B-A787-F8D231275B24}"
EndProject
Project("{FAE04EC0-301F-11D3-BF4B-00C04F79EFBC}") = "doga 12.04", "doga 12.04\doga 12.04.csproj", "{C62761B7-9BF5-4A2E-A8AB-A3EAAAAEFF7F}"
EndProject
Project("{FAE04EC0-301F-11D3-BF4B-00C04F79EFBC}") = "ConsoleApp1", "ConsoleApp1\ConsoleApp1.csproj", "{DD4342D1-B04B-495F-A373-000E2A941C84}"
EndProject
Project("{FAE04EC0-301F-11D3-BF4B-00C04F79EFBC}") = "kockak", "KivetelOsztaly\kockak.csproj", "{154977EB-EAD5-45F5-A504-AF4278A0D447}"
EndProject
Project("{FAE04EC0-301F-11D3-BF4B-00C04F79EFBC}") = "autolista", "autolista\autolista.csproj", "{2F930103-258C-4DD5-9309-B800CBD2E594}"
EndProject
Project("{FAE04EC0-301F-11D3-BF4B-00C04F79EFBC}") = "jarmulista", "jarmulista\jarmulista.csproj", "{C120B89E-377C-42A4-BFD9-F39358EF1E33}"
EndProject
Project("{FAE04EC0-301F-11D3-BF4B-00C04F79EFBC}") = "Számonkérés", "Számonkérés\Számonkérés.csproj", "{880B2397-CDCD-47A4-80D2-20CF173EECCC}"
EndProject
Project("{FAE04EC0-301F-11D3-BF4B-00C04F79EFBC}") = "Poliform_OOP", "Poliform_OOP\Poliform_OOP.csproj", "{8913B126-AC2C-489C-866E-23F53E63829A}"
EndProject
Project("{FAE04EC0-301F-11D3-BF4B-00C04F79EFBC}") = "WinFormsApp1", "WinFormsApp1\WinFormsApp1.csproj", "{2427C0CC-4C38-45BB-9937-03641218AD14}"
EndProject
Project("{FAE04EC0-301F-11D3-BF4B-00C04F79EFBC}") = "ConsoleApp2", "ConsoleApp2\ConsoleApp2.csproj", "{774AD754-9D9A-4E96-9764-810522DC2EBB}"
EndProject
Global
	GlobalSection(SolutionConfigurationPlatforms) = preSolution
		Debug|Any CPU = Debug|Any CPU
		Release|Any CPU = Release|Any CPU
	EndGlobalSection
	GlobalSection(ProjectConfigurationPlatforms) = postSolution
		{2424C108-1412-414B-AB90-A1388C90BA88}.Debug|Any CPU.ActiveCfg = Debug|Any CPU
		{2424C108-1412-414B-AB90-A1388C90BA88}.Debug|Any CPU.Build.0 = Debug|Any CPU
		{2424C108-1412-414B-AB90-A1388C90BA88}.Release|Any CPU.ActiveCfg = Release|Any CPU
		{2424C108-1412-414B-AB90-A1388C90BA88}.Release|Any CPU.Build.0 = Release|Any CPU
		{757A9537-9DE0-414E-A401-93695C5D95F1}.Debug|Any CPU.ActiveCfg = Debug|Any CPU
		{757A9537-9DE0-414E-A401-93695C5D95F1}.Debug|Any CPU.Build.0 = Debug|Any CPU
		{757A9537-9DE0-414E-A401-93695C5D95F1}.Release|Any CPU.ActiveCfg = Release|Any CPU
		{757A9537-9DE0-414E-A401-93695C5D95F1}.Release|Any CPU.Build.0 = Release|Any CPU
		{8B9E8A7B-4DDF-4419-8BEE-A241AB34E1EB}.Debug|Any CPU.ActiveCfg = Debug|Any CPU
		{8B9E8A7B-4DDF-4419-8BEE-A241AB34E1EB}.Debug|Any CPU.Build.0 = Debug|Any CPU
		{8B9E8A7B-4DDF-4419-8BEE-A241AB34E1EB}.Release|Any CPU.ActiveCfg = Release|Any CPU
		{8B9E8A7B-4DDF-4419-8BEE-A241AB34E1EB}.Release|Any CPU.Build.0 = Release|Any CPU
		{31FE91E1-BE64-40B9-B5AA-F5A8ED7AC0D4}.Debug|Any CPU.ActiveCfg = Debug|Any CPU
		{31FE91E1-BE64-40B9-B5AA-F5A8ED7AC0D4}.Debug|Any CPU.Build.0 = Debug|Any CPU
		{31FE91E1-BE64-40B9-B5AA-F5A8ED7AC0D4}.Release|Any CPU.ActiveCfg = Release|Any CPU
		{31FE91E1-BE64-40B9-B5AA-F5A8ED7AC0D4}.Release|Any CPU.Build.0 = Release|Any CPU
		{AFA339CB-1085-49B7-8E77-3EF39B14E97D}.Debug|Any CPU.ActiveCfg = Debug|Any CPU
		{AFA339CB-1085-49B7-8E77-3EF39B14E97D}.Debug|Any CPU.Build.0 = Debug|Any CPU
		{AFA339CB-1085-49B7-8E77-3EF39B14E97D}.Release|Any CPU.ActiveCfg = Release|Any CPU
		{AFA339CB-1085-49B7-8E77-3EF39B14E97D}.Release|Any CPU.Build.0 = Release|Any CPU
		{DB4125DE-9882-48F2-B207-8E7893E32AF4}.Debug|Any CPU.ActiveCfg = Debug|Any CPU
		{DB4125DE-9882-48F2-B207-8E7893E32AF4}.Debug|Any CPU.Build.0 = Debug|Any CPU
		{DB4125DE-9882-48F2-B207-8E7893E32AF4}.Release|Any CPU.ActiveCfg = Release|Any CPU
		{DB4125DE-9882-48F2-B207-8E7893E32AF4}.Release|Any CPU.Build.0 = Release|Any CPU
		{59ACAFB2-A160-49C0-A83B-D996CBCB5273}.Debug|Any CPU.ActiveCfg = Debug|Any CPU
		{59ACAFB2-A160-49C0-A83B-D996CBCB5273}.Debug|Any CPU.Build.0 = Debug|Any CPU
		{59ACAFB2-A160-49C0-A83B-D996CBCB5273}.Release|Any CPU.ActiveCfg = Release|Any CPU
		{59ACAFB2-A160-49C0-A83B-D996CBCB5273}.Release|Any CPU.Build.0 = Release|Any CPU
		{07C5E089-A85E-4BDB-8090-B66804258619}.Debug|Any CPU.ActiveCfg = Debug|Any CPU
		{07C5E089-A85E-4BDB-8090-B66804258619}.Debug|Any CPU.Build.0 = Debug|Any CPU
		{07C5E089-A85E-4BDB-8090-B66804258619}.Release|Any CPU.ActiveCfg = Release|Any CPU
		{07C5E089-A85E-4BDB-8090-B66804258619}.Release|Any CPU.Build.0 = Release|Any CPU
		{480BE79D-5648-4654-BE4E-4EAD20436B5A}.Debug|Any CPU.ActiveCfg = Debug|Any CPU
		{480BE79D-5648-4654-BE4E-4EAD20436B5A}.Debug|Any CPU.Build.0 = Debug|Any CPU
		{480BE79D-5648-4654-BE4E-4EAD20436B5A}.Release|Any CPU.ActiveCfg = Release|Any CPU
		{480BE79D-5648-4654-BE4E-4EAD20436B5A}.Release|Any CPU.Build.0 = Release|Any CPU
		{20CBE11C-8B8A-4888-9A26-AF7D27E3EF11}.Debug|Any CPU.ActiveCfg = Debug|Any CPU
		{20CBE11C-8B8A-4888-9A26-AF7D27E3EF11}.Debug|Any CPU.Build.0 = Debug|Any CPU
		{20CBE11C-8B8A-4888-9A26-AF7D27E3EF11}.Release|Any CPU.ActiveCfg = Release|Any CPU
		{20CBE11C-8B8A-4888-9A26-AF7D27E3EF11}.Release|Any CPU.Build.0 = Release|Any CPU
		{4FD2AE1C-89AF-4AEC-A765-5D4F9D5B3376}.Debug|Any CPU.ActiveCfg = Debug|Any CPU
		{4FD2AE1C-89AF-4AEC-A765-5D4F9D5B3376}.Debug|Any CPU.Build.0 = Debug|Any CPU
		{4FD2AE1C-89AF-4AEC-A765-5D4F9D5B3376}.Release|Any CPU.ActiveCfg = Release|Any CPU
		{4FD2AE1C-89AF-4AEC-A765-5D4F9D5B3376}.Release|Any CPU.Build.0 = Release|Any CPU
		{7C630CB6-02B8-4494-9784-7ADD6FD8556B}.Debug|Any CPU.ActiveCfg = Debug|Any CPU
		{7C630CB6-02B8-4494-9784-7ADD6FD8556B}.Debug|Any CPU.Build.0 = Debug|Any CPU
		{7C630CB6-02B8-4494-9784-7ADD6FD8556B}.Release|Any CPU.ActiveCfg = Release|Any CPU
		{7C630CB6-02B8-4494-9784-7ADD6FD8556B}.Release|Any CPU.Build.0 = Release|Any CPU
		{1C0690A0-5D1D-4372-A8ED-832861343DAA}.Debug|Any CPU.ActiveCfg = Debug|Any CPU
		{1C0690A0-5D1D-4372-A8ED-832861343DAA}.Debug|Any CPU.Build.0 = Debug|Any CPU
		{1C0690A0-5D1D-4372-A8ED-832861343DAA}.Release|Any CPU.ActiveCfg = Release|Any CPU
		{1C0690A0-5D1D-4372-A8ED-832861343DAA}.Release|Any CPU.Build.0 = Release|Any CPU
		{7304A8FD-C647-4AEB-8BF2-0127F64AA674}.Debug|Any CPU.ActiveCfg = Debug|Any CPU
		{7304A8FD-C647-4AEB-8BF2-0127F64AA674}.Debug|Any CPU.Build.0 = Debug|Any CPU
		{7304A8FD-C647-4AEB-8BF2-0127F64AA674}.Release|Any CPU.ActiveCfg = Release|Any CPU
		{7304A8FD-C647-4AEB-8BF2-0127F64AA674}.Release|Any CPU.Build.0 = Release|Any CPU
		{152D49D4-40A0-415B-A787-F8D231275B24}.Debug|Any CPU.ActiveCfg = Debug|Any CPU
		{152D49D4-40A0-415B-A787-F8D231275B24}.Debug|Any CPU.Build.0 = Debug|Any CPU
		{152D49D4-40A0-415B-A787-F8D231275B24}.Release|Any CPU.ActiveCfg = Release|Any CPU
		{152D49D4-40A0-415B-A787-F8D231275B24}.Release|Any CPU.Build.0 = Release|Any CPU
		{C62761B7-9BF5-4A2E-A8AB-A3EAAAAEFF7F}.Debug|Any CPU.ActiveCfg = Debug|Any CPU
		{C62761B7-9BF5-4A2E-A8AB-A3EAAAAEFF7F}.Debug|Any CPU.Build.0 = Debug|Any CPU
		{C62761B7-9BF5-4A2E-A8AB-A3EAAAAEFF7F}.Release|Any CPU.ActiveCfg = Release|Any CPU
		{C62761B7-9BF5-4A2E-A8AB-A3EAAAAEFF7F}.Release|Any CPU.Build.0 = Release|Any CPU
		{DD4342D1-B04B-495F-A373-000E2A941C84}.Debug|Any CPU.ActiveCfg = Debug|Any CPU
		{DD4342D1-B04B-495F-A373-000E2A941C84}.Debug|Any CPU.Build.0 = Debug|Any CPU
		{DD4342D1-B04B-495F-A373-000E2A941C84}.Release|Any CPU.ActiveCfg = Release|Any CPU
		{DD4342D1-B04B-495F-A373-000E2A941C84}.Release|Any CPU.Build.0 = Release|Any CPU
		{154977EB-EAD5-45F5-A504-AF4278A0D447}.Debug|Any CPU.ActiveCfg = Debug|Any CPU
		{154977EB-EAD5-45F5-A504-AF4278A0D447}.Debug|Any CPU.Build.0 = Debug|Any CPU
		{154977EB-EAD5-45F5-A504-AF4278A0D447}.Release|Any CPU.ActiveCfg = Release|Any CPU
		{154977EB-EAD5-45F5-A504-AF4278A0D447}.Release|Any CPU.Build.0 = Release|Any CPU
		{2F930103-258C-4DD5-9309-B800CBD2E594}.Debug|Any CPU.ActiveCfg = Debug|Any CPU
		{2F930103-258C-4DD5-9309-B800CBD2E594}.Debug|Any CPU.Build.0 = Debug|Any CPU
		{2F930103-258C-4DD5-9309-B800CBD2E594}.Release|Any CPU.ActiveCfg = Release|Any CPU
		{2F930103-258C-4DD5-9309-B800CBD2E594}.Release|Any CPU.Build.0 = Release|Any CPU
		{C120B89E-377C-42A4-BFD9-F39358EF1E33}.Debug|Any CPU.ActiveCfg = Debug|Any CPU
		{C120B89E-377C-42A4-BFD9-F39358EF1E33}.Debug|Any CPU.Build.0 = Debug|Any CPU
		{C120B89E-377C-42A4-BFD9-F39358EF1E33}.Release|Any CPU.ActiveCfg = Release|Any CPU
		{C120B89E-377C-42A4-BFD9-F39358EF1E33}.Release|Any CPU.Build.0 = Release|Any CPU
		{880B2397-CDCD-47A4-80D2-20CF173EECCC}.Debug|Any CPU.ActiveCfg = Debug|Any CPU
		{880B2397-CDCD-47A4-80D2-20CF173EECCC}.Debug|Any CPU.Build.0 = Debug|Any CPU
		{880B2397-CDCD-47A4-80D2-20CF173EECCC}.Release|Any CPU.ActiveCfg = Release|Any CPU
		{880B2397-CDCD-47A4-80D2-20CF173EECCC}.Release|Any CPU.Build.0 = Release|Any CPU
		{8913B126-AC2C-489C-866E-23F53E63829A}.Debug|Any CPU.ActiveCfg = Debug|Any CPU
		{8913B126-AC2C-489C-866E-23F53E63829A}.Debug|Any CPU.Build.0 = Debug|Any CPU
		{8913B126-AC2C-489C-866E-23F53E63829A}.Release|Any CPU.ActiveCfg = Release|Any CPU
		{8913B126-AC2C-489C-866E-23F53E63829A}.Release|Any CPU.Build.0 = Release|Any CPU
		{2427C0CC-4C38-45BB-9937-03641218AD14}.Debug|Any CPU.ActiveCfg = Debug|Any CPU
		{2427C0CC-4C38-45BB-9937-03641218AD14}.Debug|Any CPU.Build.0 = Debug|Any CPU
		{2427C0CC-4C38-45BB-9937-03641218AD14}.Release|Any CPU.ActiveCfg = Release|Any CPU
		{2427C0CC-4C38-45BB-9937-03641218AD14}.Release|Any CPU.Build.0 = Release|Any CPU
		{774AD754-9D9A-4E96-9764-810522DC2EBB}.Debug|Any CPU.ActiveCfg = Debug|Any CPU
		{774AD754-9D9A-4E96-9764-810522DC2EBB}.Debug|Any CPU.Build.0 = Debug|Any CPU
		{774AD754-9D9A-4E96-9764-810522DC2EBB}.Release|Any CPU.ActiveCfg = Release|Any CPU
		{774AD754-9D9A-4E96-9764-810522DC2EBB}.Release|Any CPU.Build.0 = Release|Any CPU
	EndGlobalSection
	GlobalSection(SolutionProperties) = preSolution
		HideSolutionNode = FALSE
	EndGlobalSection
	GlobalSection(ExtensibilityGlobals) = postSolution
		SolutionGuid = {393C91AD-3D33-409D-86E8-1661551BC6E5}
	EndGlobalSection
EndGlobal
